
Microsoft Visual Studio Solution File, Format Version 12.00
# Visual Studio Version 18
VisualStudioVersion = 18.2.11415.280 d18.0
MinimumVisualStudioVersion = 10.0.40219.1
Project("{888888A0-9F3D-457C-B088-3A5042F75D52}") = "BLeQ_Extension_org", "BLeQ_Extension_org.pyproj", "{BE81C54E-C642-4B6C-9898-DAD508784E34}"
EndProject
Global
	GlobalSection(SolutionConfigurationPlatforms) = preSolution
		Debug|Any CPU = Debug|Any CPU
		Release|Any CPU = Release|Any CPU
	EndGlobalSection
	GlobalSection(ProjectConfigurationPlatforms) = postSolution
		{BE81C54E-C642-4B6C-9898-DAD508784E34}.Debug|Any CPU.ActiveCfg = Debug|Any CPU
		{BE81C54E-C642-4B6C-9898-DAD508784E34}.Release|Any CPU.ActiveCfg = Release|Any CPU
	EndGlobalSection
	GlobalSection(SolutionProperties) = preSolution
		HideSolutionNode = FALSE
	EndGlobalSection
	GlobalSection(ExtensibilityGlobals) = postSolution
		SolutionGuid = {1BCD37E7-1B58-4F42-A0DD-0EA1AD089850}
	EndGlobalSection
EndGlobal
